
Microsoft Visual Studio Solution File, Format Version 12.00
# Visual Studio Version 17
VisualStudioVersion = 17.12.35527.113 d17.12
MinimumVisualStudioVersion = 10.0.40219.1
Project("{FAE04EC0-301F-11D3-BF4B-00C04F79EFBC}") = "Assignment 1 solution", "Assignment 1 solution\Assignment 1 solution.csproj", "{BEC4A71D-BB61-40E4-A607-14AB53153B78}"
EndProject
Project("{FAE04EC0-301F-11D3-BF4B-00C04F79EFBC}") = "Demo", "Demo\Demo.csproj", "{C0F709B1-20AE-44B6-B85E-C929969CBDBD}"
EndProject
Global
	GlobalSection(SolutionConfigurationPlatforms) = preSolution
		Debug|Any CPU = Debug|Any CPU
		Release|Any CPU = Release|Any CPU
	EndGlobalSection
	GlobalSection(ProjectConfigurationPlatforms) = postSolution
		{BEC4A71D-BB61-40E4-A607-14AB53153B78}.Debug|Any CPU.ActiveCfg = Debug|Any CPU
		{BEC4A71D-BB61-40E4-A607-14AB53153B78}.Debug|Any CPU.Build.0 = Debug|Any CPU
		{BEC4A71D-BB61-40E4-A607-14AB53153B78}.Release|Any CPU.ActiveCfg = Release|Any CPU
		{BEC4A71D-BB61-40E4-A607-14AB53153B78}.Release|Any CPU.Build.0 = Release|Any CPU
		{C0F709B1-20AE-44B6-B85E-C929969CBDBD}.Debug|Any CPU.ActiveCfg = Debug|Any CPU
		{C0F709B1-20AE-44B6-B85E-C929969CBDBD}.Debug|Any CPU.Build.0 = Debug|Any CPU
		{C0F709B1-20AE-44B6-B85E-C929969CBDBD}.Release|Any CPU.ActiveCfg = Release|Any CPU
		{C0F709B1-20AE-44B6-B85E-C929969CBDBD}.Release|Any CPU.Build.0 = Release|Any CPU
	EndGlobalSection
	GlobalSection(SolutionProperties) = preSolution
		HideSolutionNode = FALSE
	EndGlobalSection
EndGlobal
